{
  "name": "chat-archive-browser",
  "version": "1.0.0",
  "lockfileVersion": 3,
  "requires": true,
  "packages": {
    "": {
      "name": "chat-archive-browser",
      "version": "1.0.0",
      "license": "MIT",
      "dependencies": {
        "electron": "^31.0.2",
        "uuid": "^11.0.3"
      }
    }
  }
}
